
Microsoft Visual Studio Solution File, Format Version 11.00
# Visual C# Express 2010
Project("{FAE04EC0-301F-11D3-BF4B-00C04F79EFBC}") = "HogKeys IO", "HogKeys IO\HogKeys IO.csproj", "{1B3DC5E5-C952-468C-A6DD-9C2AEE7A6A23}"
	ProjectSection(ProjectDependencies) = postProject
		{B69CAC60-1D4D-464B-97F4-56FFAD8E05CC} = {B69CAC60-1D4D-464B-97F4-56FFAD8E05CC}
	EndProjectSection
EndProject
Project("{FAE04EC0-301F-11D3-BF4B-00C04F79EFBC}") = "HogKeys UI", "HogKeys UI\HogKeys UI.csproj", "{82625F33-C880-4F17-9741-2723ADA9784F}"
	ProjectSection(ProjectDependencies) = postProject
		{B69CAC60-1D4D-464B-97F4-56FFAD8E05CC} = {B69CAC60-1D4D-464B-97F4-56FFAD8E05CC}
		{1B3DC5E5-C952-468C-A6DD-9C2AEE7A6A23} = {1B3DC5E5-C952-468C-A6DD-9C2AEE7A6A23}
	EndProjectSection
EndProject
Project("{FAE04EC0-301F-11D3-BF4B-00C04F79EFBC}") = "HogKeys Devices", "HogKeys Devices\HogKeys Devices.csproj", "{286DDA78-FD74-49B1-9FEC-BE19350F0318}"
	ProjectSection(ProjectDependencies) = postProject
		{B69CAC60-1D4D-464B-97F4-56FFAD8E05CC} = {B69CAC60-1D4D-464B-97F4-56FFAD8E05CC}
	EndProjectSection
EndProject
Project("{FAE04EC0-301F-11D3-BF4B-00C04F79EFBC}") = "Version", "Version\Version.csproj", "{B69CAC60-1D4D-464B-97F4-56FFAD8E05CC}"
EndProject
Project("{FAE04EC0-301F-11D3-BF4B-00C04F79EFBC}") = "SimulatorAdapters", "SimulatorInterfaces\SimulatorAdapters.csproj", "{867C9A60-6096-421A-9607-DED7F20062FB}"
	ProjectSection(ProjectDependencies) = postProject
		{B69CAC60-1D4D-464B-97F4-56FFAD8E05CC} = {B69CAC60-1D4D-464B-97F4-56FFAD8E05CC}
		{1B3DC5E5-C952-468C-A6DD-9C2AEE7A6A23} = {1B3DC5E5-C952-468C-A6DD-9C2AEE7A6A23}
	EndProjectSection
EndProject
Global
	GlobalSection(SolutionConfigurationPlatforms) = preSolution
		Debug|Any CPU = Debug|Any CPU
		Debug|Mixed Platforms = Debug|Mixed Platforms
		Debug|x86 = Debug|x86
		Release|Any CPU = Release|Any CPU
		Release|Mixed Platforms = Release|Mixed Platforms
		Release|x86 = Release|x86
	EndGlobalSection
	GlobalSection(ProjectConfigurationPlatforms) = postSolution
		{1B3DC5E5-C952-468C-A6DD-9C2AEE7A6A23}.Debug|Any CPU.ActiveCfg = Debug|Any CPU
		{1B3DC5E5-C952-468C-A6DD-9C2AEE7A6A23}.Debug|Any CPU.Build.0 = Debug|Any CPU
		{1B3DC5E5-C952-468C-A6DD-9C2AEE7A6A23}.Debug|Mixed Platforms.ActiveCfg = Debug|Any CPU
		{1B3DC5E5-C952-468C-A6DD-9C2AEE7A6A23}.Debug|Mixed Platforms.Build.0 = Debug|Any CPU
		{1B3DC5E5-C952-468C-A6DD-9C2AEE7A6A23}.Debug|x86.ActiveCfg = Debug|Any CPU
		{1B3DC5E5-C952-468C-A6DD-9C2AEE7A6A23}.Release|Any CPU.ActiveCfg = Release|Any CPU
		{1B3DC5E5-C952-468C-A6DD-9C2AEE7A6A23}.Release|Any CPU.Build.0 = Release|Any CPU
		{1B3DC5E5-C952-468C-A6DD-9C2AEE7A6A23}.Release|Mixed Platforms.ActiveCfg = Release|Any CPU
		{1B3DC5E5-C952-468C-A6DD-9C2AEE7A6A23}.Release|Mixed Platforms.Build.0 = Release|Any CPU
		{1B3DC5E5-C952-468C-A6DD-9C2AEE7A6A23}.Release|x86.ActiveCfg = Release|Any CPU
		{82625F33-C880-4F17-9741-2723ADA9784F}.Debug|Any CPU.ActiveCfg = Debug|x86
		{82625F33-C880-4F17-9741-2723ADA9784F}.Debug|Mixed Platforms.ActiveCfg = Debug|x86
		{82625F33-C880-4F17-9741-2723ADA9784F}.Debug|Mixed Platforms.Build.0 = Debug|x86
		{82625F33-C880-4F17-9741-2723ADA9784F}.Debug|x86.ActiveCfg = Debug|x86
		{82625F33-C880-4F17-9741-2723ADA9784F}.Debug|x86.Build.0 = Debug|x86
		{82625F33-C880-4F17-9741-2723ADA9784F}.Release|Any CPU.ActiveCfg = Release|x86
		{82625F33-C880-4F17-9741-2723ADA9784F}.Release|Mixed Platforms.ActiveCfg = Release|x86
		{82625F33-C880-4F17-9741-2723ADA9784F}.Release|Mixed Platforms.Build.0 = Release|x86
		{82625F33-C880-4F17-9741-2723ADA9784F}.Release|x86.ActiveCfg = Release|x86
		{82625F33-C880-4F17-9741-2723ADA9784F}.Release|x86.Build.0 = Release|x86
		{286DDA78-FD74-49B1-9FEC-BE19350F0318}.Debug|Any CPU.ActiveCfg = Debug|Any CPU
		{286DDA78-FD74-49B1-9FEC-BE19350F0318}.Debug|Any CPU.Build.0 = Debug|Any CPU
		{286DDA78-FD74-49B1-9FEC-BE19350F0318}.Debug|Mixed Platforms.ActiveCfg = Debug|Any CPU
		{286DDA78-FD74-49B1-9FEC-BE19350F0318}.Debug|Mixed Platforms.Build.0 = Debug|Any CPU
		{286DDA78-FD74-49B1-9FEC-BE19350F0318}.Debug|x86.ActiveCfg = Debug|Any CPU
		{286DDA78-FD74-49B1-9FEC-BE19350F0318}.Release|Any CPU.ActiveCfg = Release|Any CPU
		{286DDA78-FD74-49B1-9FEC-BE19350F0318}.Release|Any CPU.Build.0 = Release|Any CPU
		{286DDA78-FD74-49B1-9FEC-BE19350F0318}.Release|Mixed Platforms.ActiveCfg = Release|Any CPU
		{286DDA78-FD74-49B1-9FEC-BE19350F0318}.Release|Mixed Platforms.Build.0 = Release|Any CPU
		{286DDA78-FD74-49B1-9FEC-BE19350F0318}.Release|x86.ActiveCfg = Release|Any CPU
		{B69CAC60-1D4D-464B-97F4-56FFAD8E05CC}.Debug|Any CPU.ActiveCfg = Debug|Any CPU
		{B69CAC60-1D4D-464B-97F4-56FFAD8E05CC}.Debug|Any CPU.Build.0 = Debug|Any CPU
		{B69CAC60-1D4D-464B-97F4-56FFAD8E05CC}.Debug|Mixed Platforms.ActiveCfg = Debug|Any CPU
		{B69CAC60-1D4D-464B-97F4-56FFAD8E05CC}.Debug|Mixed Platforms.Build.0 = Debug|Any CPU
		{B69CAC60-1D4D-464B-97F4-56FFAD8E05CC}.Debug|x86.ActiveCfg = Debug|Any CPU
		{B69CAC60-1D4D-464B-97F4-56FFAD8E05CC}.Release|Any CPU.ActiveCfg = Release|Any CPU
		{B69CAC60-1D4D-464B-97F4-56FFAD8E05CC}.Release|Any CPU.Build.0 = Release|Any CPU
		{B69CAC60-1D4D-464B-97F4-56FFAD8E05CC}.Release|Mixed Platforms.ActiveCfg = Release|Any CPU
		{B69CAC60-1D4D-464B-97F4-56FFAD8E05CC}.Release|Mixed Platforms.Build.0 = Release|Any CPU
		{B69CAC60-1D4D-464B-97F4-56FFAD8E05CC}.Release|x86.ActiveCfg = Release|Any CPU
		{867C9A60-6096-421A-9607-DED7F20062FB}.Debug|Any CPU.ActiveCfg = Debug|Any CPU
		{867C9A60-6096-421A-9607-DED7F20062FB}.Debug|Any CPU.Build.0 = Debug|Any CPU
		{867C9A60-6096-421A-9607-DED7F20062FB}.Debug|Mixed Platforms.ActiveCfg = Debug|Any CPU
		{867C9A60-6096-421A-9607-DED7F20062FB}.Debug|Mixed Platforms.Build.0 = Debug|Any CPU
		{867C9A60-6096-421A-9607-DED7F20062FB}.Debug|x86.ActiveCfg = Debug|Any CPU
		{867C9A60-6096-421A-9607-DED7F20062FB}.Release|Any CPU.ActiveCfg = Release|Any CPU
		{867C9A60-6096-421A-9607-DED7F20062FB}.Release|Any CPU.Build.0 = Release|Any CPU
		{867C9A60-6096-421A-9607-DED7F20062FB}.Release|Mixed Platforms.ActiveCfg = Release|Any CPU
		{867C9A60-6096-421A-9607-DED7F20062FB}.Release|Mixed Platforms.Build.0 = Release|Any CPU
		{867C9A60-6096-421A-9607-DED7F20062FB}.Release|x86.ActiveCfg = Release|Any CPU
	EndGlobalSection
	GlobalSection(SolutionProperties) = preSolution
		HideSolutionNode = FALSE
	EndGlobalSection
EndGlobal
